// !$*UTF8*$!
{
	archiveVersion = 1;
	classes = {
	};
	objectVersion = 46;
	objects = {

/* Begin PBXBuildFile section */
		E0D65B2514ED8E3800D301D9 /* Foundation.framework in Frameworks */ = {isa = PBXBuildFile; fileRef = A99B20C114CBCA5D005492BA /* Foundation.framework */; };
		E0D65B3814ED904900D301D9 /* CoreLocationController.m in Sources */ = {isa = PBXBuildFile; fileRef = A99B20F714CBE1F8005492BA /* CoreLocationController.m */; };
		E0D65B4114ED905600D301D9 /* CoreLocationController.h in Headers */ = {isa = PBXBuildFile; fileRef = A99B20F614CBE1F7005492BA /* CoreLocationController.h */; settings = {ATTRIBUTES = (Public, ); }; };
		E0D65B4614ED905600D301D9 /* AccelerometerProcessor.h in Headers */ = {isa = PBXBuildFile; fileRef = A93CD00414E3AC1F00A052AA /* AccelerometerProcessor.h */; settings = {ATTRIBUTES = (Public, ); }; };
		E0D65B4714ED908E00D301D9 /* UIKit.framework in Frameworks */ = {isa = PBXBuildFile; fileRef = A99B20BF14CBCA5D005492BA /* UIKit.framework */; };
		E0D65B4814ED90A000D301D9 /* CoreGraphics.framework in Frameworks */ = {isa = PBXBuildFile; fileRef = A99B20C314CBCA5D005492BA /* CoreGraphics.framework */; };
		E0D65B4A14ED90AB00D301D9 /* CoreMotion.framework in Frameworks */ = {isa = PBXBuildFile; fileRef = A99B210514CDFBDE005492BA /* CoreMotion.framework */; };
		E0D65B4B14ED90B000D301D9 /* CoreLocation.framework in Frameworks */ = {isa = PBXBuildFile; fileRef = A99B20F414CBCFA6005492BA /* CoreLocation.framework */; };
		E0D65B5514ED972100D301D9 /* AccelerometerProcessor.m in Sources */ = {isa = PBXBuildFile; fileRef = A93CD00514E3AC1F00A052AA /* AccelerometerProcessor.m */; };
		E0D65B5614ED972A00D301D9 /* Sensor-Accesor-Prefix.pch in Headers */ = {isa = PBXBuildFile; fileRef = E0D65B2814ED8E3800D301D9 /* Sensor-Accesor-Prefix.pch */; };
		E0D65B5714EDD83500D301D9 /* SensorController.h in Headers */ = {isa = PBXBuildFile; fileRef = A99B20D114CBCA5D005492BA /* SensorController.h */; settings = {ATTRIBUTES = (Public, ); }; };
		E0D65B5814EDD84400D301D9 /* SensorController.m in Sources */ = {isa = PBXBuildFile; fileRef = A99B20D214CBCA5D005492BA /* SensorController.m */; };
/* End PBXBuildFile section */

/* Begin PBXFileReference section */
		A93CD00414E3AC1F00A052AA /* AccelerometerProcessor.h */ = {isa = PBXFileReference; fileEncoding = 4; lastKnownFileType = sourcecode.c.h; name = AccelerometerProcessor.h; path = Custom/AccelerometerProcessor.h; sourceTree = "<group>"; };
		A93CD00514E3AC1F00A052AA /* AccelerometerProcessor.m */ = {isa = PBXFileReference; fileEncoding = 4; lastKnownFileType = sourcecode.c.objc; name = AccelerometerProcessor.m; path = Custom/AccelerometerProcessor.m; sourceTree = "<group>"; };
		A99B20BF14CBCA5D005492BA /* UIKit.framework */ = {isa = PBXFileReference; lastKnownFileType = wrapper.framework; name = UIKit.framework; path = System/Library/Frameworks/UIKit.framework; sourceTree = SDKROOT; };
		A99B20C114CBCA5D005492BA /* Foundation.framework */ = {isa = PBXFileReference; lastKnownFileType = wrapper.framework; name = Foundation.framework; path = System/Library/Frameworks/Foundation.framework; sourceTree = SDKROOT; };
		A99B20C314CBCA5D005492BA /* CoreGraphics.framework */ = {isa = PBXFileReference; lastKnownFileType = wrapper.framework; name = CoreGraphics.framework; path = System/Library/Frameworks/CoreGraphics.framework; sourceTree = SDKROOT; };
		A99B20D114CBCA5D005492BA /* SensorController.h */ = {isa = PBXFileReference; lastKnownFileType = sourcecode.c.h; name = SensorController.h; path = ../Sensor_Accessor/SensorController.h; sourceTree = "<group>"; };
		A99B20D214CBCA5D005492BA /* SensorController.m */ = {isa = PBXFileReference; lastKnownFileType = sourcecode.c.objc; name = SensorController.m; path = ../Sensor_Accessor/SensorController.m; sourceTree = "<group>"; };
		A99B20F414CBCFA6005492BA /* CoreLocation.framework */ = {isa = PBXFileReference; lastKnownFileType = wrapper.framework; name = CoreLocation.framework; path = System/Library/Frameworks/CoreLocation.framework; sourceTree = SDKROOT; };
		A99B20F614CBE1F7005492BA /* CoreLocationController.h */ = {isa = PBXFileReference; fileEncoding = 4; lastKnownFileType = sourcecode.c.h; path = CoreLocationController.h; sourceTree = "<group>"; };
		A99B20F714CBE1F8005492BA /* CoreLocationController.m */ = {isa = PBXFileReference; fileEncoding = 4; lastKnownFileType = sourcecode.c.objc; path = CoreLocationController.m; sourceTree = "<group>"; };
		A99B210514CDFBDE005492BA /* CoreMotion.framework */ = {isa = PBXFileReference; lastKnownFileType = wrapper.framework; name = CoreMotion.framework; path = System/Library/Frameworks/CoreMotion.framework; sourceTree = SDKROOT; };
		E0D65B2414ED8E3800D301D9 /* libSensor-Accesor.a */ = {isa = PBXFileReference; explicitFileType = archive.ar; includeInIndex = 0; path = "libSensor-Accesor.a"; sourceTree = BUILT_PRODUCTS_DIR; };
		E0D65B2814ED8E3800D301D9 /* Sensor-Accesor-Prefix.pch */ = {isa = PBXFileReference; lastKnownFileType = sourcecode.c.h; path = "Sensor-Accesor-Prefix.pch"; sourceTree = "<group>"; };
/* End PBXFileReference section */

/* Begin PBXFrameworksBuildPhase section */
		E0D65B2114ED8E3800D301D9 /* Frameworks */ = {
			isa = PBXFrameworksBuildPhase;
			buildActionMask = 2147483647;
			files = (
				E0D65B4B14ED90B000D301D9 /* CoreLocation.framework in Frameworks */,
				E0D65B4A14ED90AB00D301D9 /* CoreMotion.framework in Frameworks */,
				E0D65B4814ED90A000D301D9 /* CoreGraphics.framework in Frameworks */,
				E0D65B4714ED908E00D301D9 /* UIKit.framework in Frameworks */,
				E0D65B2514ED8E3800D301D9 /* Foundation.framework in Frameworks */,
			);
			runOnlyForDeploymentPostprocessing = 0;
		};
/* End PBXFrameworksBuildPhase section */

/* Begin PBXGroup section */
		A99B20B014CBCA5C005492BA = {
			isa = PBXGroup;
			children = (
				E0D65B2614ED8E3800D301D9 /* Sensor-Accesor */,
				A99B20BE14CBCA5D005492BA /* Frameworks */,
				A99B20BC14CBCA5D005492BA /* Products */,
			);
			sourceTree = "<group>";
		};
		A99B20BC14CBCA5D005492BA /* Products */ = {
			isa = PBXGroup;
			children = (
				E0D65B2414ED8E3800D301D9 /* libSensor-Accesor.a */,
			);
			name = Products;
			sourceTree = "<group>";
		};
		A99B20BE14CBCA5D005492BA /* Frameworks */ = {
			isa = PBXGroup;
			children = (
				A99B210514CDFBDE005492BA /* CoreMotion.framework */,
				A99B20F414CBCFA6005492BA /* CoreLocation.framework */,
				A99B20BF14CBCA5D005492BA /* UIKit.framework */,
				A99B20C114CBCA5D005492BA /* Foundation.framework */,
				A99B20C314CBCA5D005492BA /* CoreGraphics.framework */,
			);
			name = Frameworks;
			sourceTree = "<group>";
		};
		E0D65B2614ED8E3800D301D9 /* Sensor-Accesor */ = {
			isa = PBXGroup;
			children = (
				A99B20D114CBCA5D005492BA /* SensorController.h */,
				A99B20D214CBCA5D005492BA /* SensorController.m */,
				E0DDF57D14E2297C007D432B /* Sensor Handlers */,
				E0D65B2714ED8E3800D301D9 /* Supporting Files */,
			);
			path = "Sensor-Accesor";
			sourceTree = "<group>";
		};
		E0D65B2714ED8E3800D301D9 /* Supporting Files */ = {
			isa = PBXGroup;
			children = (
				E0D65B2814ED8E3800D301D9 /* Sensor-Accesor-Prefix.pch */,
			);
			name = "Supporting Files";
			sourceTree = "<group>";
		};
		E0DDF57D14E2297C007D432B /* Sensor Handlers */ = {
			isa = PBXGroup;
			children = (
				A99B20F614CBE1F7005492BA /* CoreLocationController.h */,
				A99B20F714CBE1F8005492BA /* CoreLocationController.m */,
				A93CD00414E3AC1F00A052AA /* AccelerometerProcessor.h */,
				A93CD00514E3AC1F00A052AA /* AccelerometerProcessor.m */,
			);
			name = "Sensor Handlers";
			path = ../Sensor_Accessor;
			sourceTree = "<group>";
		};
/* End PBXGroup section */

/* Begin PBXHeadersBuildPhase section */
		E0D65B2214ED8E3800D301D9 /* Headers */ = {
			isa = PBXHeadersBuildPhase;
			buildActionMask = 2147483647;
			files = (
				E0D65B5714EDD83500D301D9 /* SensorController.h in Headers */,
				E0D65B4114ED905600D301D9 /* CoreLocationController.h in Headers */,
				E0D65B4614ED905600D301D9 /* AccelerometerProcessor.h in Headers */,
				E0D65B5614ED972A00D301D9 /* Sensor-Accesor-Prefix.pch in Headers */,
			);
			runOnlyForDeploymentPostprocessing = 0;
		};
/* End PBXHeadersBuildPhase section */

/* Begin PBXNativeTarget section */
		E0D65B2314ED8E3800D301D9 /* Sensor-Accesor */ = {
			isa = PBXNativeTarget;
			buildConfigurationList = E0D65B2E14ED8E3800D301D9 /* Build configuration list for PBXNativeTarget "Sensor-Accesor" */;
			buildPhases = (
				E0D65B2214ED8E3800D301D9 /* Headers */,
				E0D65B2014ED8E3800D301D9 /* Sources */,
				E0D65B2114ED8E3800D301D9 /* Frameworks */,
			);
			buildRules = (
			);
			dependencies = (
			);
			name = "Sensor-Accesor";
			productName = "Sensor-Accesor";
			productReference = E0D65B2414ED8E3800D301D9 /* libSensor-Accesor.a */;
			productType = "com.apple.product-type.library.static";
		};
/* End PBXNativeTarget section */

/* Begin PBXProject section */
		A99B20B214CBCA5C005492BA /* Project object */ = {
			isa = PBXProject;
			attributes = {
				LastUpgradeCheck = 0420;
			};
			buildConfigurationList = A99B20B514CBCA5C005492BA /* Build configuration list for PBXProject "Sensor_Accessor" */;
			compatibilityVersion = "Xcode 3.2";
			developmentRegion = English;
			hasScannedForEncodings = 0;
			knownRegions = (
				en,
			);
			mainGroup = A99B20B014CBCA5C005492BA;
			productRefGroup = A99B20BC14CBCA5D005492BA /* Products */;
			projectDirPath = "";
			projectRoot = "";
			targets = (
				E0D65B2314ED8E3800D301D9 /* Sensor-Accesor */,
			);
		};
/* End PBXProject section */

/* Begin PBXSourcesBuildPhase section */
		E0D65B2014ED8E3800D301D9 /* Sources */ = {
			isa = PBXSourcesBuildPhase;
			buildActionMask = 2147483647;
			files = (
				E0D65B3814ED904900D301D9 /* CoreLocationController.m in Sources */,
				E0D65B5814EDD84400D301D9 /* SensorController.m in Sources */,
				E0D65B5514ED972100D301D9 /* AccelerometerProcessor.m in Sources */,
			);
			runOnlyForDeploymentPostprocessing = 0;
		};
/* End PBXSourcesBuildPhase section */

/* Begin XCBuildConfiguration section */
		A99B20EC14CBCA5D005492BA /* Debug */ = {
			isa = XCBuildConfiguration;
			buildSettings = {
				ALWAYS_SEARCH_USER_PATHS = NO;
				ARCHS = "$(ARCHS_STANDARD_32_BIT)";
				CLANG_ENABLE_OBJC_ARC = YES;
				COPY_PHASE_STRIP = YES;
				GCC_C_LANGUAGE_STANDARD = gnu99;
				GCC_DYNAMIC_NO_PIC = NO;
				GCC_OPTIMIZATION_LEVEL = 0;
				GCC_PREPROCESSOR_DEFINITIONS = (
					"DEBUG=1",
					"$(inherited)",
				);
				GCC_SYMBOLS_PRIVATE_EXTERN = NO;
				GCC_VERSION = com.apple.compilers.llvm.clang.1_0;
				GCC_WARN_ABOUT_MISSING_PROTOTYPES = YES;
				GCC_WARN_ABOUT_RETURN_TYPE = YES;
				GCC_WARN_UNUSED_VARIABLE = YES;
				INSTALL_PATH = "";
				IPHONEOS_DEPLOYMENT_TARGET = 5.0;
				MACH_O_TYPE = staticlib;
				ONLY_ACTIVE_ARCH = NO;
				OTHER_LDFLAGS = (
					"-ObjC",
					"-all_load",
				);
				PUBLIC_HEADERS_FOLDER_PATH = "$(TARGET_NAME)";
				SDKROOT = iphoneos;
				SEPARATE_STRIP = NO;
				SKIP_INSTALL = YES;
				STRIP_INSTALLED_PRODUCT = NO;
				STRIP_STYLE = all;
				SYMROOT = build;
				TARGETED_DEVICE_FAMILY = "1,2";
				VALIDATE_PRODUCT = NO;
			};
			name = Debug;
		};
		A99B20ED14CBCA5D005492BA /* Release */ = {
			isa = XCBuildConfiguration;
			buildSettings = {
				ALWAYS_SEARCH_USER_PATHS = NO;
				ARCHS = "$(ARCHS_STANDARD_32_BIT)";
				CLANG_ENABLE_OBJC_ARC = YES;
				COPY_PHASE_STRIP = YES;
				DEPLOYMENT_POSTPROCESSING = YES;
				GCC_C_LANGUAGE_STANDARD = gnu99;
				GCC_VERSION = com.apple.compilers.llvm.clang.1_0;
				GCC_WARN_ABOUT_MISSING_PROTOTYPES = YES;
				GCC_WARN_ABOUT_RETURN_TYPE = YES;
				GCC_WARN_UNUSED_VARIABLE = YES;
				INSTALL_PATH = "";
				IPHONEOS_DEPLOYMENT_TARGET = 5.0;
				MACH_O_TYPE = staticlib;
				ONLY_ACTIVE_ARCH = NO;
				OTHER_CFLAGS = "-DNS_BLOCK_ASSERTIONS=1";
				OTHER_LDFLAGS = (
					"-ObjC",
					"-all_load",
				);
				PUBLIC_HEADERS_FOLDER_PATH = "$(TARGET_NAME)";
				SDKROOT = iphoneos;
				SEPARATE_STRIP = NO;
				SKIP_INSTALL = YES;
				STRIP_STYLE = all;
				SYMROOT = build;
				TARGETED_DEVICE_FAMILY = "1,2";
				VALIDATE_PRODUCT = YES;
			};
			name = Release;
		};
		E0D65B2C14ED8E3800D301D9 /* Debug */ = {
			isa = XCBuildConfiguration;
			buildSettings = {
				ALWAYS_SEARCH_USER_PATHS = NO;
				DSTROOT = /tmp/Sensor_Accesor.dst;
				GCC_PRECOMPILE_PREFIX_HEADER = YES;
				GCC_PREFIX_HEADER = "Sensor-Accesor/Sensor-Accesor-Prefix.pch";
				INSTALL_PATH = "";
				ONLY_ACTIVE_ARCH = NO;
				OTHER_LDFLAGS = (
					"-all_load",
					"-ObjC",
				);
				PRODUCT_NAME = "$(TARGET_NAME)";
				SKIP_INSTALL = YES;
				STRIP_STYLE = debugging;
				SYMROOT = build;
				TARGETED_DEVICE_FAMILY = "1,2";
			};
			name = Debug;
		};
		E0D65B2D14ED8E3800D301D9 /* Release */ = {
			isa = XCBuildConfiguration;
			buildSettings = {
				ALWAYS_SEARCH_USER_PATHS = NO;
				COPY_PHASE_STRIP = YES;
				DEPLOYMENT_POSTPROCESSING = YES;
				DSTROOT = /tmp/Sensor_Accesor.dst;
				GCC_PRECOMPILE_PREFIX_HEADER = YES;
				GCC_PREFIX_HEADER = "Sensor-Accesor/Sensor-Accesor-Prefix.pch";
				INSTALL_PATH = "";
				OTHER_LDFLAGS = (
					"-all_load",
					"-ObjC",
				);
				PRODUCT_NAME = "$(TARGET_NAME)";
				SKIP_INSTALL = YES;
				STRIP_INSTALLED_PRODUCT = YES;
				STRIP_STYLE = debugging;
				SYMROOT = build;
				TARGETED_DEVICE_FAMILY = "1,2";
				VALIDATE_PRODUCT = YES;
			};
			name = Release;
		};
/* End XCBuildConfiguration section */

/* Begin XCConfigurationList section */
		A99B20B514CBCA5C005492BA /* Build configuration list for PBXProject "Sensor_Accessor" */ = {
			isa = XCConfigurationList;
			buildConfigurations = (
				A99B20EC14CBCA5D005492BA /* Debug */,
				A99B20ED14CBCA5D005492BA /* Release */,
			);
			defaultConfigurationIsVisible = 0;
			defaultConfigurationName = Release;
		};
		E0D65B2E14ED8E3800D301D9 /* Build configuration list for PBXNativeTarget "Sensor-Accesor" */ = {
			isa = XCConfigurationList;
			buildConfigurations = (
				E0D65B2C14ED8E3800D301D9 /* Debug */,
				E0D65B2D14ED8E3800D301D9 /* Release */,
			);
			defaultConfigurationIsVisible = 0;
			defaultConfigurationName = Release;
		};
/* End XCConfigurationList section */
	};
	rootObject = A99B20B214CBCA5C005492BA /* Project object */;
}
